
Microsoft Visual Studio Solution File, Format Version 12.00
# Visual Studio Version 17
VisualStudioVersion = 17.1.32328.378
MinimumVisualStudioVersion = 10.0.40219.1
Project("{2150E333-8FDC-42A3-9474-1A3956D46DE8}") = "ApiGateways", "ApiGateways", "{16DB2EB3-E9E9-474D-9808-159FC4D4367B}"
EndProject
Project("{2150E333-8FDC-42A3-9474-1A3956D46DE8}") = "Core", "Core", "{E57E221C-DEAB-4687-8A7C-8C6C0A2AB76E}"
EndProject
Project("{2150E333-8FDC-42A3-9474-1A3956D46DE8}") = "Models", "Models", "{69778CC0-2531-4B76-B8F6-B82C608234F8}"
EndProject
Project("{2150E333-8FDC-42A3-9474-1A3956D46DE8}") = "Plugins", "Plugins", "{046BF315-3923-4238-8B58-D37EAC357332}"
EndProject
Project("{2150E333-8FDC-42A3-9474-1A3956D46DE8}") = "Common", "Common", "{3212B4FD-24FA-476F-AC02-9B0D7D3C1287}"
EndProject
Project("{9A19103F-16F7-4668-BE54-9A1E7A4F7556}") = "Common.Enum", "Common.Enum\Common.Enum.csproj", "{7E8DA868-1C16-4472-A289-9E64F4CDB450}"
EndProject
Project("{9A19103F-16F7-4668-BE54-9A1E7A4F7556}") = "Common.Model", "CommonModels\Common.Model.csproj", "{B3CF5CC3-A5B1-49F9-BEB0-81721D6CA803}"
EndProject
Project("{9A19103F-16F7-4668-BE54-9A1E7A4F7556}") = "Utility", "Utility\Utility.csproj", "{F7EA1B29-FB16-42A8-A46E-E2394B7F260F}"
EndProject
Project("{9A19103F-16F7-4668-BE54-9A1E7A4F7556}") = "Logger", "Logger\Logger.csproj", "{77DE2DB0-6956-493C-8995-60E981B926EC}"
EndProject
Project("{2150E333-8FDC-42A3-9474-1A3956D46DE8}") = "MicroServices", "MicroServices", "{9D248B6F-7C9D-48F9-8A08-3917DC904E77}"
EndProject
Project("{2150E333-8FDC-42A3-9474-1A3956D46DE8}") = "Solution Items", "Solution Items", "{2111F879-C2FB-4841-AC49-D6893BF04103}"
	ProjectSection(SolutionItems) = preProject
		.gitignore = .gitignore
		docker-compose-agents.dev.yml = docker-compose-agents.dev.yml
		docker-compose-agents.yml = docker-compose-agents.yml
		docker-compose.dev.yml = docker-compose.dev.yml
		docker-compose.yml = docker-compose.yml
	EndProjectSection
EndProject
Project("{9A19103F-16F7-4668-BE54-9A1E7A4F7556}") = "Core", "Core\Core.csproj", "{46403791-9DF5-4927-A886-EB8A7EABA3E8}"
EndProject
Project("{9A19103F-16F7-4668-BE54-9A1E7A4F7556}") = "Core.EventStore", "Core.EventStore\Core.EventStore.csproj", "{DCE2EAED-36F7-408D-9911-8FB94E4C0BB4}"
EndProject
Project("{2150E333-8FDC-42A3-9474-1A3956D46DE8}") = "Events", "Events", "{FEB24E07-D7E9-4B79-9B48-3C9EF083B616}"
EndProject
Project("{2150E333-8FDC-42A3-9474-1A3956D46DE8}") = "Exceptions", "Exceptions", "{E2CB9F3B-DCD1-401C-B8EA-E345849BB1B7}"
EndProject
Project("{2150E333-8FDC-42A3-9474-1A3956D46DE8}") = "nginx", "nginx", "{AD580177-0562-42C4-ACF1-0C173D62A9A7}"
	ProjectSection(SolutionItems) = preProject
		nginx\default.conf = nginx\default.conf
		nginx\Dockerfile = nginx\Dockerfile
	EndProjectSection
EndProject
Project("{9A19103F-16F7-4668-BE54-9A1E7A4F7556}") = "Core.API", "Core.API\Core.API.csproj", "{CCAF2AA6-06A7-43B6-8EFC-20A033744500}"
EndProject
Project("{9A19103F-16F7-4668-BE54-9A1E7A4F7556}") = "Core.Email", "Core.Email\Core.Email.csproj", "{BF1BC85C-6C2B-4C7F-87A6-8FBCD8A12C00}"
EndProject
Project("{9A19103F-16F7-4668-BE54-9A1E7A4F7556}") = "Core.SMS", "Core.SMS\Core.SMS.csproj", "{F242D23C-90B2-4AEA-96B8-E192A3D1EB6D}"
EndProject
Project("{9A19103F-16F7-4668-BE54-9A1E7A4F7556}") = "Core.Caching", "Core.Caching\Core.Caching.csproj", "{55A4AFC6-1E29-451F-900A-4625926C54A6}"
EndProject
Project("{9A19103F-16F7-4668-BE54-9A1E7A4F7556}") = "Core.PaymentService", "PaymentService\Core.PaymentService.csproj", "{7A862C8E-4875-4353-9095-9EA5180D1865}"
EndProject
Project("{9A19103F-16F7-4668-BE54-9A1E7A4F7556}") = "Core.BobStorageService", "Core.BobStorageService\Core.BobStorageService.csproj", "{BB08E689-4146-4D9B-86C1-6B093849073A}"
EndProject
Project("{FAE04EC0-301F-11D3-BF4B-00C04F79EFBC}") = "Sample.Admin.HttpAggregator", "Sample.Admin.HttpAggregator\Sample.Admin.HttpAggregator.csproj", "{AC86B114-EA4D-43AE-B624-F4AB38D47423}"
EndProject
Project("{FAE04EC0-301F-11D3-BF4B-00C04F79EFBC}") = "Sample.Admin.Model", "Sample.Admin.Modal\Sample.Admin.Model.csproj", "{C14725A3-3852-4648-AB9C-500A7E20F377}"
EndProject
Project("{2150E333-8FDC-42A3-9474-1A3956D46DE8}") = "Sample.Admin", "Sample.Admin", "{27531378-B652-4E99-9494-CAEE96C8AF4A}"
EndProject
Project("{FAE04EC0-301F-11D3-BF4B-00C04F79EFBC}") = "Sample.Admin.API", "Sample.Admin.API\Sample.Admin.API.csproj", "{2EB7C0C0-A4B9-4C4C-B94E-2204ED088FF7}"
EndProject
Project("{FAE04EC0-301F-11D3-BF4B-00C04F79EFBC}") = "Sample.Admin.Service", "Sample.Admin.Service\Sample.Admin.Service.csproj", "{4AE79C76-021D-4743-B2FA-AF2815688DE9}"
EndProject
Project("{FAE04EC0-301F-11D3-BF4B-00C04F79EFBC}") = "Sample.Customer.HttpAggregator", "Sample.Customer.HttpAggregator\Sample.Customer.HttpAggregator.csproj", "{5CDD3130-8B42-4E25-B35B-0BE5EB36F100}"
EndProject
Project("{FAE04EC0-301F-11D3-BF4B-00C04F79EFBC}") = "Sample.Customer.Model", "Sample.Customer.Model\Sample.Customer.Model.csproj", "{B6020DEF-ECF7-4E34-B39C-34E4BFC7224E}"
EndProject
Project("{2150E333-8FDC-42A3-9474-1A3956D46DE8}") = "Sample.Customer", "Sample.Customer", "{4C789D49-7464-476F-B4A2-417D70B0EB81}"
EndProject
Project("{FAE04EC0-301F-11D3-BF4B-00C04F79EFBC}") = "Sample.Customer.API", "Sample.Customer.API\Sample.Customer.API.csproj", "{C3279729-A82E-4213-94CA-454EEED84DB6}"
EndProject
Project("{FAE04EC0-301F-11D3-BF4B-00C04F79EFBC}") = "Sample.Customer.Service", "Sample.Customer.Service\Sample.Customer.Service.csproj", "{CEBBD0CF-6429-4228-ACCF-F338D6F09B9C}"
EndProject
Global
	GlobalSection(SolutionConfigurationPlatforms) = preSolution
		Debug|Any CPU = Debug|Any CPU
		Release|Any CPU = Release|Any CPU
	EndGlobalSection
	GlobalSection(ProjectConfigurationPlatforms) = postSolution
		{7E8DA868-1C16-4472-A289-9E64F4CDB450}.Debug|Any CPU.ActiveCfg = Debug|Any CPU
		{7E8DA868-1C16-4472-A289-9E64F4CDB450}.Debug|Any CPU.Build.0 = Debug|Any CPU
		{7E8DA868-1C16-4472-A289-9E64F4CDB450}.Release|Any CPU.ActiveCfg = Release|Any CPU
		{7E8DA868-1C16-4472-A289-9E64F4CDB450}.Release|Any CPU.Build.0 = Release|Any CPU
		{B3CF5CC3-A5B1-49F9-BEB0-81721D6CA803}.Debug|Any CPU.ActiveCfg = Debug|Any CPU
		{B3CF5CC3-A5B1-49F9-BEB0-81721D6CA803}.Debug|Any CPU.Build.0 = Debug|Any CPU
		{B3CF5CC3-A5B1-49F9-BEB0-81721D6CA803}.Release|Any CPU.ActiveCfg = Release|Any CPU
		{B3CF5CC3-A5B1-49F9-BEB0-81721D6CA803}.Release|Any CPU.Build.0 = Release|Any CPU
		{F7EA1B29-FB16-42A8-A46E-E2394B7F260F}.Debug|Any CPU.ActiveCfg = Debug|Any CPU
		{F7EA1B29-FB16-42A8-A46E-E2394B7F260F}.Debug|Any CPU.Build.0 = Debug|Any CPU
		{F7EA1B29-FB16-42A8-A46E-E2394B7F260F}.Release|Any CPU.ActiveCfg = Release|Any CPU
		{F7EA1B29-FB16-42A8-A46E-E2394B7F260F}.Release|Any CPU.Build.0 = Release|Any CPU
		{77DE2DB0-6956-493C-8995-60E981B926EC}.Debug|Any CPU.ActiveCfg = Debug|Any CPU
		{77DE2DB0-6956-493C-8995-60E981B926EC}.Debug|Any CPU.Build.0 = Debug|Any CPU
		{77DE2DB0-6956-493C-8995-60E981B926EC}.Release|Any CPU.ActiveCfg = Release|Any CPU
		{77DE2DB0-6956-493C-8995-60E981B926EC}.Release|Any CPU.Build.0 = Release|Any CPU
		{46403791-9DF5-4927-A886-EB8A7EABA3E8}.Debug|Any CPU.ActiveCfg = Debug|Any CPU
		{46403791-9DF5-4927-A886-EB8A7EABA3E8}.Debug|Any CPU.Build.0 = Debug|Any CPU
		{46403791-9DF5-4927-A886-EB8A7EABA3E8}.Release|Any CPU.ActiveCfg = Release|Any CPU
		{46403791-9DF5-4927-A886-EB8A7EABA3E8}.Release|Any CPU.Build.0 = Release|Any CPU
		{DCE2EAED-36F7-408D-9911-8FB94E4C0BB4}.Debug|Any CPU.ActiveCfg = Debug|Any CPU
		{DCE2EAED-36F7-408D-9911-8FB94E4C0BB4}.Debug|Any CPU.Build.0 = Debug|Any CPU
		{DCE2EAED-36F7-408D-9911-8FB94E4C0BB4}.Release|Any CPU.ActiveCfg = Release|Any CPU
		{DCE2EAED-36F7-408D-9911-8FB94E4C0BB4}.Release|Any CPU.Build.0 = Release|Any CPU
		{CCAF2AA6-06A7-43B6-8EFC-20A033744500}.Debug|Any CPU.ActiveCfg = Debug|Any CPU
		{CCAF2AA6-06A7-43B6-8EFC-20A033744500}.Debug|Any CPU.Build.0 = Debug|Any CPU
		{CCAF2AA6-06A7-43B6-8EFC-20A033744500}.Release|Any CPU.ActiveCfg = Release|Any CPU
		{CCAF2AA6-06A7-43B6-8EFC-20A033744500}.Release|Any CPU.Build.0 = Release|Any CPU
		{BF1BC85C-6C2B-4C7F-87A6-8FBCD8A12C00}.Debug|Any CPU.ActiveCfg = Debug|Any CPU
		{BF1BC85C-6C2B-4C7F-87A6-8FBCD8A12C00}.Debug|Any CPU.Build.0 = Debug|Any CPU
		{BF1BC85C-6C2B-4C7F-87A6-8FBCD8A12C00}.Release|Any CPU.ActiveCfg = Release|Any CPU
		{BF1BC85C-6C2B-4C7F-87A6-8FBCD8A12C00}.Release|Any CPU.Build.0 = Release|Any CPU
		{F242D23C-90B2-4AEA-96B8-E192A3D1EB6D}.Debug|Any CPU.ActiveCfg = Debug|Any CPU
		{F242D23C-90B2-4AEA-96B8-E192A3D1EB6D}.Debug|Any CPU.Build.0 = Debug|Any CPU
		{F242D23C-90B2-4AEA-96B8-E192A3D1EB6D}.Release|Any CPU.ActiveCfg = Release|Any CPU
		{F242D23C-90B2-4AEA-96B8-E192A3D1EB6D}.Release|Any CPU.Build.0 = Release|Any CPU
		{55A4AFC6-1E29-451F-900A-4625926C54A6}.Debug|Any CPU.ActiveCfg = Debug|Any CPU
		{55A4AFC6-1E29-451F-900A-4625926C54A6}.Debug|Any CPU.Build.0 = Debug|Any CPU
		{55A4AFC6-1E29-451F-900A-4625926C54A6}.Release|Any CPU.ActiveCfg = Release|Any CPU
		{55A4AFC6-1E29-451F-900A-4625926C54A6}.Release|Any CPU.Build.0 = Release|Any CPU
		{7A862C8E-4875-4353-9095-9EA5180D1865}.Debug|Any CPU.ActiveCfg = Debug|Any CPU
		{7A862C8E-4875-4353-9095-9EA5180D1865}.Debug|Any CPU.Build.0 = Debug|Any CPU
		{7A862C8E-4875-4353-9095-9EA5180D1865}.Release|Any CPU.ActiveCfg = Release|Any CPU
		{7A862C8E-4875-4353-9095-9EA5180D1865}.Release|Any CPU.Build.0 = Release|Any CPU
		{BB08E689-4146-4D9B-86C1-6B093849073A}.Debug|Any CPU.ActiveCfg = Debug|Any CPU
		{BB08E689-4146-4D9B-86C1-6B093849073A}.Debug|Any CPU.Build.0 = Debug|Any CPU
		{BB08E689-4146-4D9B-86C1-6B093849073A}.Release|Any CPU.ActiveCfg = Release|Any CPU
		{BB08E689-4146-4D9B-86C1-6B093849073A}.Release|Any CPU.Build.0 = Release|Any CPU
		{AC86B114-EA4D-43AE-B624-F4AB38D47423}.Debug|Any CPU.ActiveCfg = Debug|Any CPU
		{AC86B114-EA4D-43AE-B624-F4AB38D47423}.Debug|Any CPU.Build.0 = Debug|Any CPU
		{AC86B114-EA4D-43AE-B624-F4AB38D47423}.Release|Any CPU.ActiveCfg = Release|Any CPU
		{AC86B114-EA4D-43AE-B624-F4AB38D47423}.Release|Any CPU.Build.0 = Release|Any CPU
		{C14725A3-3852-4648-AB9C-500A7E20F377}.Debug|Any CPU.ActiveCfg = Debug|Any CPU
		{C14725A3-3852-4648-AB9C-500A7E20F377}.Debug|Any CPU.Build.0 = Debug|Any CPU
		{C14725A3-3852-4648-AB9C-500A7E20F377}.Release|Any CPU.ActiveCfg = Release|Any CPU
		{C14725A3-3852-4648-AB9C-500A7E20F377}.Release|Any CPU.Build.0 = Release|Any CPU
		{2EB7C0C0-A4B9-4C4C-B94E-2204ED088FF7}.Debug|Any CPU.ActiveCfg = Debug|Any CPU
		{2EB7C0C0-A4B9-4C4C-B94E-2204ED088FF7}.Debug|Any CPU.Build.0 = Debug|Any CPU
		{2EB7C0C0-A4B9-4C4C-B94E-2204ED088FF7}.Release|Any CPU.ActiveCfg = Release|Any CPU
		{2EB7C0C0-A4B9-4C4C-B94E-2204ED088FF7}.Release|Any CPU.Build.0 = Release|Any CPU
		{4AE79C76-021D-4743-B2FA-AF2815688DE9}.Debug|Any CPU.ActiveCfg = Debug|Any CPU
		{4AE79C76-021D-4743-B2FA-AF2815688DE9}.Debug|Any CPU.Build.0 = Debug|Any CPU
		{4AE79C76-021D-4743-B2FA-AF2815688DE9}.Release|Any CPU.ActiveCfg = Release|Any CPU
		{4AE79C76-021D-4743-B2FA-AF2815688DE9}.Release|Any CPU.Build.0 = Release|Any CPU
		{5CDD3130-8B42-4E25-B35B-0BE5EB36F100}.Debug|Any CPU.ActiveCfg = Debug|Any CPU
		{5CDD3130-8B42-4E25-B35B-0BE5EB36F100}.Debug|Any CPU.Build.0 = Debug|Any CPU
		{5CDD3130-8B42-4E25-B35B-0BE5EB36F100}.Release|Any CPU.ActiveCfg = Release|Any CPU
		{5CDD3130-8B42-4E25-B35B-0BE5EB36F100}.Release|Any CPU.Build.0 = Release|Any CPU
		{B6020DEF-ECF7-4E34-B39C-34E4BFC7224E}.Debug|Any CPU.ActiveCfg = Debug|Any CPU
		{B6020DEF-ECF7-4E34-B39C-34E4BFC7224E}.Debug|Any CPU.Build.0 = Debug|Any CPU
		{B6020DEF-ECF7-4E34-B39C-34E4BFC7224E}.Release|Any CPU.ActiveCfg = Release|Any CPU
		{B6020DEF-ECF7-4E34-B39C-34E4BFC7224E}.Release|Any CPU.Build.0 = Release|Any CPU
		{C3279729-A82E-4213-94CA-454EEED84DB6}.Debug|Any CPU.ActiveCfg = Debug|Any CPU
		{C3279729-A82E-4213-94CA-454EEED84DB6}.Debug|Any CPU.Build.0 = Debug|Any CPU
		{C3279729-A82E-4213-94CA-454EEED84DB6}.Release|Any CPU.ActiveCfg = Release|Any CPU
		{C3279729-A82E-4213-94CA-454EEED84DB6}.Release|Any CPU.Build.0 = Release|Any CPU
		{CEBBD0CF-6429-4228-ACCF-F338D6F09B9C}.Debug|Any CPU.ActiveCfg = Debug|Any CPU
		{CEBBD0CF-6429-4228-ACCF-F338D6F09B9C}.Debug|Any CPU.Build.0 = Debug|Any CPU
		{CEBBD0CF-6429-4228-ACCF-F338D6F09B9C}.Release|Any CPU.ActiveCfg = Release|Any CPU
		{CEBBD0CF-6429-4228-ACCF-F338D6F09B9C}.Release|Any CPU.Build.0 = Release|Any CPU
	EndGlobalSection
	GlobalSection(SolutionProperties) = preSolution
		HideSolutionNode = FALSE
	EndGlobalSection
	GlobalSection(NestedProjects) = preSolution
		{69778CC0-2531-4B76-B8F6-B82C608234F8} = {E57E221C-DEAB-4687-8A7C-8C6C0A2AB76E}
		{046BF315-3923-4238-8B58-D37EAC357332} = {E57E221C-DEAB-4687-8A7C-8C6C0A2AB76E}
		{3212B4FD-24FA-476F-AC02-9B0D7D3C1287} = {69778CC0-2531-4B76-B8F6-B82C608234F8}
		{7E8DA868-1C16-4472-A289-9E64F4CDB450} = {3212B4FD-24FA-476F-AC02-9B0D7D3C1287}
		{B3CF5CC3-A5B1-49F9-BEB0-81721D6CA803} = {3212B4FD-24FA-476F-AC02-9B0D7D3C1287}
		{F7EA1B29-FB16-42A8-A46E-E2394B7F260F} = {046BF315-3923-4238-8B58-D37EAC357332}
		{77DE2DB0-6956-493C-8995-60E981B926EC} = {046BF315-3923-4238-8B58-D37EAC357332}
		{46403791-9DF5-4927-A886-EB8A7EABA3E8} = {E57E221C-DEAB-4687-8A7C-8C6C0A2AB76E}
		{DCE2EAED-36F7-408D-9911-8FB94E4C0BB4} = {E57E221C-DEAB-4687-8A7C-8C6C0A2AB76E}
		{FEB24E07-D7E9-4B79-9B48-3C9EF083B616} = {E57E221C-DEAB-4687-8A7C-8C6C0A2AB76E}
		{E2CB9F3B-DCD1-401C-B8EA-E345849BB1B7} = {E57E221C-DEAB-4687-8A7C-8C6C0A2AB76E}
		{CCAF2AA6-06A7-43B6-8EFC-20A033744500} = {E57E221C-DEAB-4687-8A7C-8C6C0A2AB76E}
		{BF1BC85C-6C2B-4C7F-87A6-8FBCD8A12C00} = {E57E221C-DEAB-4687-8A7C-8C6C0A2AB76E}
		{F242D23C-90B2-4AEA-96B8-E192A3D1EB6D} = {E57E221C-DEAB-4687-8A7C-8C6C0A2AB76E}
		{55A4AFC6-1E29-451F-900A-4625926C54A6} = {E57E221C-DEAB-4687-8A7C-8C6C0A2AB76E}
		{7A862C8E-4875-4353-9095-9EA5180D1865} = {E57E221C-DEAB-4687-8A7C-8C6C0A2AB76E}
		{BB08E689-4146-4D9B-86C1-6B093849073A} = {E57E221C-DEAB-4687-8A7C-8C6C0A2AB76E}
		{AC86B114-EA4D-43AE-B624-F4AB38D47423} = {16DB2EB3-E9E9-474D-9808-159FC4D4367B}
		{C14725A3-3852-4648-AB9C-500A7E20F377} = {69778CC0-2531-4B76-B8F6-B82C608234F8}
		{27531378-B652-4E99-9494-CAEE96C8AF4A} = {9D248B6F-7C9D-48F9-8A08-3917DC904E77}
		{2EB7C0C0-A4B9-4C4C-B94E-2204ED088FF7} = {27531378-B652-4E99-9494-CAEE96C8AF4A}
		{4AE79C76-021D-4743-B2FA-AF2815688DE9} = {27531378-B652-4E99-9494-CAEE96C8AF4A}
		{5CDD3130-8B42-4E25-B35B-0BE5EB36F100} = {16DB2EB3-E9E9-474D-9808-159FC4D4367B}
		{B6020DEF-ECF7-4E34-B39C-34E4BFC7224E} = {69778CC0-2531-4B76-B8F6-B82C608234F8}
		{4C789D49-7464-476F-B4A2-417D70B0EB81} = {9D248B6F-7C9D-48F9-8A08-3917DC904E77}
		{C3279729-A82E-4213-94CA-454EEED84DB6} = {4C789D49-7464-476F-B4A2-417D70B0EB81}
		{CEBBD0CF-6429-4228-ACCF-F338D6F09B9C} = {4C789D49-7464-476F-B4A2-417D70B0EB81}
	EndGlobalSection
	GlobalSection(ExtensibilityGlobals) = postSolution
		SolutionGuid = {05755939-1279-4B15-98B6-97B542395228}
	EndGlobalSection
EndGlobal
